
Microsoft Visual Studio Solution File, Format Version 12.00
# Visual Studio Version 17
VisualStudioVersion = 17.2.32519.379
MinimumVisualStudioVersion = 10.0.40219.1
Project("{FAE04EC0-301F-11D3-BF4B-00C04F79EFBC}") = "CV", "CV\CV.csproj", "{921D22AB-2FBF-452B-9AB4-AB7ED1DB8934}"
EndProject
Global
	GlobalSection(SolutionConfigurationPlatforms) = preSolution
		Debug|Any CPU = Debug|Any CPU
		Release|Any CPU = Release|Any CPU
	EndGlobalSection
	GlobalSection(ProjectConfigurationPlatforms) = postSolution
		{921D22AB-2FBF-452B-9AB4-AB7ED1DB8934}.Debug|Any CPU.ActiveCfg = Debug|Any CPU
		{921D22AB-2FBF-452B-9AB4-AB7ED1DB8934}.Debug|Any CPU.Build.0 = Debug|Any CPU
		{921D22AB-2FBF-452B-9AB4-AB7ED1DB8934}.Release|Any CPU.ActiveCfg = Release|Any CPU
		{921D22AB-2FBF-452B-9AB4-AB7ED1DB8934}.Release|Any CPU.Build.0 = Release|Any CPU
	EndGlobalSection
	GlobalSection(SolutionProperties) = preSolution
		HideSolutionNode = FALSE
	EndGlobalSection
	GlobalSection(ExtensibilityGlobals) = postSolution
		SolutionGuid = {0F8E8E78-463E-4818-AC0E-4E86986EF6C1}
	EndGlobalSection
EndGlobal
